
Microsoft Visual Studio Solution File, Format Version 12.00
# Visual Studio Version 17
VisualStudioVersion = 17.11.35312.102
MinimumVisualStudioVersion = 10.0.40219.1
Project("{9A19103F-16F7-4668-BE54-9A1E7A4F7556}") = "AvaloniaApplication", "AvaloniaApplication\AvaloniaApplication.csproj", "{EB59F2EA-E424-4B4C-9977-119AF7F74313}"
EndProject
Project("{9A19103F-16F7-4668-BE54-9A1E7A4F7556}") = "DataBase", "DataBase\DataBase.csproj", "{8F63CB76-E92F-49A6-A5A2-A453C6519341}"
	ProjectSection(ProjectDependencies) = postProject
		{53B5D4CC-5C76-4E79-82EF-352C7FF8BA45} = {53B5D4CC-5C76-4E79-82EF-352C7FF8BA45}
	EndProjectSection
EndProject
Project("{9A19103F-16F7-4668-BE54-9A1E7A4F7556}") = "Figure", "Figure\Figure.csproj", "{01561995-05AF-43A6-9370-76E61AB5D480}"
EndProject
Project("{9A19103F-16F7-4668-BE54-9A1E7A4F7556}") = "ConsoleApp", "ConsoleApp\ConsoleApp.csproj", "{53B5D4CC-5C76-4E79-82EF-352C7FF8BA45}"
EndProject
Global
	GlobalSection(SolutionConfigurationPlatforms) = preSolution
		Debug|Any CPU = Debug|Any CPU
		Release|Any CPU = Release|Any CPU
	EndGlobalSection
	GlobalSection(ProjectConfigurationPlatforms) = postSolution
		{EB59F2EA-E424-4B4C-9977-119AF7F74313}.Debug|Any CPU.ActiveCfg = Debug|Any CPU
		{EB59F2EA-E424-4B4C-9977-119AF7F74313}.Debug|Any CPU.Build.0 = Debug|Any CPU
		{EB59F2EA-E424-4B4C-9977-119AF7F74313}.Release|Any CPU.ActiveCfg = Release|Any CPU
		{EB59F2EA-E424-4B4C-9977-119AF7F74313}.Release|Any CPU.Build.0 = Release|Any CPU
		{8F63CB76-E92F-49A6-A5A2-A453C6519341}.Debug|Any CPU.ActiveCfg = Debug|Any CPU
		{8F63CB76-E92F-49A6-A5A2-A453C6519341}.Debug|Any CPU.Build.0 = Debug|Any CPU
		{8F63CB76-E92F-49A6-A5A2-A453C6519341}.Release|Any CPU.ActiveCfg = Release|Any CPU
		{8F63CB76-E92F-49A6-A5A2-A453C6519341}.Release|Any CPU.Build.0 = Release|Any CPU
		{01561995-05AF-43A6-9370-76E61AB5D480}.Debug|Any CPU.ActiveCfg = Debug|Any CPU
		{01561995-05AF-43A6-9370-76E61AB5D480}.Debug|Any CPU.Build.0 = Debug|Any CPU
		{01561995-05AF-43A6-9370-76E61AB5D480}.Release|Any CPU.ActiveCfg = Release|Any CPU
		{01561995-05AF-43A6-9370-76E61AB5D480}.Release|Any CPU.Build.0 = Release|Any CPU
		{53B5D4CC-5C76-4E79-82EF-352C7FF8BA45}.Debug|Any CPU.ActiveCfg = Debug|Any CPU
		{53B5D4CC-5C76-4E79-82EF-352C7FF8BA45}.Debug|Any CPU.Build.0 = Debug|Any CPU
		{53B5D4CC-5C76-4E79-82EF-352C7FF8BA45}.Release|Any CPU.ActiveCfg = Release|Any CPU
		{53B5D4CC-5C76-4E79-82EF-352C7FF8BA45}.Release|Any CPU.Build.0 = Release|Any CPU
	EndGlobalSection
	GlobalSection(SolutionProperties) = preSolution
		HideSolutionNode = FALSE
	EndGlobalSection
	GlobalSection(ExtensibilityGlobals) = postSolution
		SolutionGuid = {B5EC1815-FD37-4AF1-B0B7-020B0D8104FF}
	EndGlobalSection
EndGlobal
