
Microsoft Visual Studio Solution File, Format Version 12.00
# Visual Studio Version 17
VisualStudioVersion = 17.11.35312.102
MinimumVisualStudioVersion = 10.0.40219.1
Project("{9A19103F-16F7-4668-BE54-9A1E7A4F7556}") = "ConsoleApp1", "ConsoleApp1\ConsoleApp1.csproj", "{1C9CACBA-155B-460F-AF5D-D2706A18E0CE}"
EndProject
Project("{FAE04EC0-301F-11D3-BF4B-00C04F79EFBC}") = "Figure", "ClassLibrary1\Figure.csproj", "{9683FC99-990A-4966-ADCD-524082CDCA59}"
EndProject
Global
	GlobalSection(SolutionConfigurationPlatforms) = preSolution
		Debug|Any CPU = Debug|Any CPU
		Release|Any CPU = Release|Any CPU
	EndGlobalSection
	GlobalSection(ProjectConfigurationPlatforms) = postSolution
		{1C9CACBA-155B-460F-AF5D-D2706A18E0CE}.Debug|Any CPU.ActiveCfg = Debug|Any CPU
		{1C9CACBA-155B-460F-AF5D-D2706A18E0CE}.Debug|Any CPU.Build.0 = Debug|Any CPU
		{1C9CACBA-155B-460F-AF5D-D2706A18E0CE}.Release|Any CPU.ActiveCfg = Release|Any CPU
		{1C9CACBA-155B-460F-AF5D-D2706A18E0CE}.Release|Any CPU.Build.0 = Release|Any CPU
		{9683FC99-990A-4966-ADCD-524082CDCA59}.Debug|Any CPU.ActiveCfg = Debug|Any CPU
		{9683FC99-990A-4966-ADCD-524082CDCA59}.Debug|Any CPU.Build.0 = Debug|Any CPU
		{9683FC99-990A-4966-ADCD-524082CDCA59}.Release|Any CPU.ActiveCfg = Release|Any CPU
		{9683FC99-990A-4966-ADCD-524082CDCA59}.Release|Any CPU.Build.0 = Release|Any CPU
	EndGlobalSection
	GlobalSection(SolutionProperties) = preSolution
		HideSolutionNode = FALSE
	EndGlobalSection
	GlobalSection(ExtensibilityGlobals) = postSolution
		SolutionGuid = {B5EC1815-FD37-4AF1-B0B7-020B0D8104FF}
	EndGlobalSection
EndGlobal
